
Microsoft Visual Studio Solution File, Format Version 12.00
# Visual Studio Version 17
VisualStudioVersion = 17.5.33424.131
MinimumVisualStudioVersion = 10.0.40219.1
Project("{9A19103F-16F7-4668-BE54-9A1E7A4F7556}") = "EFCore.UI", "EFCore.UI\EFCore.UI.csproj", "{52EAC365-DE60-4070-AB15-AFE5A163BA8D}"
EndProject
Project("{9A19103F-16F7-4668-BE54-9A1E7A4F7556}") = "EFCore.Model", "EFCore.Model\EFCore.Model.csproj", "{0F5B726D-D3BF-48D6-B2A3-DEDFEBE0EA71}"
EndProject
Project("{9A19103F-16F7-4668-BE54-9A1E7A4F7556}") = "EFCore.DAL", "EFCore.DAL\EFCore.DAL.csproj", "{0402B980-E9CE-4E4B-862F-6728D770D540}"
EndProject
Project("{9A19103F-16F7-4668-BE54-9A1E7A4F7556}") = "EFCore.Service", "EFCore.Service\EFCore.Service.csproj", "{8D08ACF8-E693-4D6C-9E25-4BC121CA343D}"
EndProject
Project("{FAE04EC0-301F-11D3-BF4B-00C04F79EFBC}") = "EFCore.Shared", "EFCore.Shared\EFCore.Shared.csproj", "{B760E095-62DD-438C-9B04-C84D7643AE71}"
EndProject
Project("{2150E333-8FDC-42A3-9474-1A3956D46DE8}") = "Solution Items", "Solution Items", "{3F9E2AB0-4007-438A-8F5E-AEC18FF879A7}"
	ProjectSection(SolutionItems) = preProject
		.gitignore = .gitignore
	EndProjectSection
EndProject
Global
	GlobalSection(SolutionConfigurationPlatforms) = preSolution
		Debug|Any CPU = Debug|Any CPU
		Release|Any CPU = Release|Any CPU
	EndGlobalSection
	GlobalSection(ProjectConfigurationPlatforms) = postSolution
		{52EAC365-DE60-4070-AB15-AFE5A163BA8D}.Debug|Any CPU.ActiveCfg = Debug|Any CPU
		{52EAC365-DE60-4070-AB15-AFE5A163BA8D}.Debug|Any CPU.Build.0 = Debug|Any CPU
		{52EAC365-DE60-4070-AB15-AFE5A163BA8D}.Release|Any CPU.ActiveCfg = Release|Any CPU
		{52EAC365-DE60-4070-AB15-AFE5A163BA8D}.Release|Any CPU.Build.0 = Release|Any CPU
		{0F5B726D-D3BF-48D6-B2A3-DEDFEBE0EA71}.Debug|Any CPU.ActiveCfg = Debug|Any CPU
		{0F5B726D-D3BF-48D6-B2A3-DEDFEBE0EA71}.Debug|Any CPU.Build.0 = Debug|Any CPU
		{0F5B726D-D3BF-48D6-B2A3-DEDFEBE0EA71}.Release|Any CPU.ActiveCfg = Release|Any CPU
		{0F5B726D-D3BF-48D6-B2A3-DEDFEBE0EA71}.Release|Any CPU.Build.0 = Release|Any CPU
		{0402B980-E9CE-4E4B-862F-6728D770D540}.Debug|Any CPU.ActiveCfg = Debug|Any CPU
		{0402B980-E9CE-4E4B-862F-6728D770D540}.Debug|Any CPU.Build.0 = Debug|Any CPU
		{0402B980-E9CE-4E4B-862F-6728D770D540}.Release|Any CPU.ActiveCfg = Release|Any CPU
		{0402B980-E9CE-4E4B-862F-6728D770D540}.Release|Any CPU.Build.0 = Release|Any CPU
		{8D08ACF8-E693-4D6C-9E25-4BC121CA343D}.Debug|Any CPU.ActiveCfg = Debug|Any CPU
		{8D08ACF8-E693-4D6C-9E25-4BC121CA343D}.Debug|Any CPU.Build.0 = Debug|Any CPU
		{8D08ACF8-E693-4D6C-9E25-4BC121CA343D}.Release|Any CPU.ActiveCfg = Release|Any CPU
		{8D08ACF8-E693-4D6C-9E25-4BC121CA343D}.Release|Any CPU.Build.0 = Release|Any CPU
		{B760E095-62DD-438C-9B04-C84D7643AE71}.Debug|Any CPU.ActiveCfg = Debug|Any CPU
		{B760E095-62DD-438C-9B04-C84D7643AE71}.Debug|Any CPU.Build.0 = Debug|Any CPU
		{B760E095-62DD-438C-9B04-C84D7643AE71}.Release|Any CPU.ActiveCfg = Release|Any CPU
		{B760E095-62DD-438C-9B04-C84D7643AE71}.Release|Any CPU.Build.0 = Release|Any CPU
	EndGlobalSection
	GlobalSection(SolutionProperties) = preSolution
		HideSolutionNode = FALSE
	EndGlobalSection
	GlobalSection(ExtensibilityGlobals) = postSolution
		SolutionGuid = {3AEFD269-E49F-4F88-B32B-0F237EE77213}
	EndGlobalSection
EndGlobal
